
Microsoft Visual Studio Solution File, Format Version 12.00
# Visual Studio Version 17
VisualStudioVersion = 17.9.34728.123
MinimumVisualStudioVersion = 10.0.40219.1
Project("{FAE04EC0-301F-11D3-BF4B-00C04F79EFBC}") = "array uppgift4", "array uppgift4\array uppgift4.csproj", "{AB7632A6-E27D-461C-8C6D-BBB283CC55D9}"
EndProject
Global
	GlobalSection(SolutionConfigurationPlatforms) = preSolution
		Debug|Any CPU = Debug|Any CPU
		Release|Any CPU = Release|Any CPU
	EndGlobalSection
	GlobalSection(ProjectConfigurationPlatforms) = postSolution
		{AB7632A6-E27D-461C-8C6D-BBB283CC55D9}.Debug|Any CPU.ActiveCfg = Debug|Any CPU
		{AB7632A6-E27D-461C-8C6D-BBB283CC55D9}.Debug|Any CPU.Build.0 = Debug|Any CPU
		{AB7632A6-E27D-461C-8C6D-BBB283CC55D9}.Release|Any CPU.ActiveCfg = Release|Any CPU
		{AB7632A6-E27D-461C-8C6D-BBB283CC55D9}.Release|Any CPU.Build.0 = Release|Any CPU
	EndGlobalSection
	GlobalSection(SolutionProperties) = preSolution
		HideSolutionNode = FALSE
	EndGlobalSection
	GlobalSection(ExtensibilityGlobals) = postSolution
		SolutionGuid = {7224A207-B78D-4554-A937-426A2090EDF9}
	EndGlobalSection
EndGlobal
